
Microsoft Visual Studio Solution File, Format Version 12.00
# Visual Studio 15
VisualStudioVersion = 15.0.27428.2037
MinimumVisualStudioVersion = 10.0.40219.1
Project("{FAE04EC0-301F-11D3-BF4B-00C04F79EFBC}") = "IB1", "IB1\IB1.csproj", "{AD4FF204-D86D-4937-86DD-BD3941EE2BD9}"
EndProject
Global
	GlobalSection(SolutionConfigurationPlatforms) = preSolution
		Debug|Any CPU = Debug|Any CPU
		Release|Any CPU = Release|Any CPU
	EndGlobalSection
	GlobalSection(ProjectConfigurationPlatforms) = postSolution
		{AD4FF204-D86D-4937-86DD-BD3941EE2BD9}.Debug|Any CPU.ActiveCfg = Debug|Any CPU
		{AD4FF204-D86D-4937-86DD-BD3941EE2BD9}.Debug|Any CPU.Build.0 = Debug|Any CPU
		{AD4FF204-D86D-4937-86DD-BD3941EE2BD9}.Release|Any CPU.ActiveCfg = Release|Any CPU
		{AD4FF204-D86D-4937-86DD-BD3941EE2BD9}.Release|Any CPU.Build.0 = Release|Any CPU
	EndGlobalSection
	GlobalSection(SolutionProperties) = preSolution
		HideSolutionNode = FALSE
	EndGlobalSection
	GlobalSection(ExtensibilityGlobals) = postSolution
		SolutionGuid = {CA9E68A0-3A7F-4A95-8A9F-476616C5DD84}
	EndGlobalSection
EndGlobal
